
Microsoft Visual Studio Solution File, Format Version 12.00
# Visual Studio Version 17
VisualStudioVersion = 17.3.32922.545
MinimumVisualStudioVersion = 10.0.40219.1
Project("{2150E333-8FDC-42A3-9474-1A3956D46DE8}") = "Src", "Src", "{FEDEFEAB-5103-4710-8820-C070DBB015FD}"
EndProject
Project("{2150E333-8FDC-42A3-9474-1A3956D46DE8}") = "Test", "Test", "{1C129DE7-0D96-4D43-A121-91762879E52E}"
EndProject
Project("{2150E333-8FDC-42A3-9474-1A3956D46DE8}") = "WebApi", "WebApi", "{03F52507-66BE-4837-AE35-6564D79A23D2}"
EndProject
Project("{FAE04EC0-301F-11D3-BF4B-00C04F79EFBC}") = "AHOY.WebApi", "AHOY.WebApi\AHOY.WebApi.csproj", "{1988D487-C9FD-4605-B57F-6125F19C2C5D}"
EndProject
Project("{2150E333-8FDC-42A3-9474-1A3956D46DE8}") = "Models", "Models", "{E62444CF-EDF5-4EC1-A391-A8EA1B1EEFFF}"
EndProject
Project("{FAE04EC0-301F-11D3-BF4B-00C04F79EFBC}") = "AHOY.Models", "AHOY.Models\AHOY.Models.csproj", "{65215EB4-F5F3-49B6-9761-2FA267E45985}"
EndProject
Project("{2150E333-8FDC-42A3-9474-1A3956D46DE8}") = "Application", "Application", "{854D8261-CF10-4077-B0C2-5A091B0CC15D}"
EndProject
Project("{FAE04EC0-301F-11D3-BF4B-00C04F79EFBC}") = "AHOY.Application", "AHOY.Application\AHOY.Application.csproj", "{A6E27C7D-48DB-4BE8-8928-A0DAB0D7438F}"
EndProject
Project("{2150E333-8FDC-42A3-9474-1A3956D46DE8}") = "Infrastructure", "Infrastructure", "{686D29CE-83EA-433A-A823-2D761CD53D6A}"
EndProject
Project("{2150E333-8FDC-42A3-9474-1A3956D46DE8}") = "Data", "Data", "{DA7DC36E-8C01-4CB2-B242-4B248DC8753D}"
EndProject
Project("{FAE04EC0-301F-11D3-BF4B-00C04F79EFBC}") = "AHOY.Infrastructure.Data", "AHOY.Infrastructure.Data\AHOY.Infrastructure.Data.csproj", "{E4F49C6C-E473-4D1D-B12E-6D206272ABA9}"
EndProject
Global
	GlobalSection(SolutionConfigurationPlatforms) = preSolution
		Debug|Any CPU = Debug|Any CPU
		Release|Any CPU = Release|Any CPU
	EndGlobalSection
	GlobalSection(ProjectConfigurationPlatforms) = postSolution
		{1988D487-C9FD-4605-B57F-6125F19C2C5D}.Debug|Any CPU.ActiveCfg = Debug|Any CPU
		{1988D487-C9FD-4605-B57F-6125F19C2C5D}.Debug|Any CPU.Build.0 = Debug|Any CPU
		{1988D487-C9FD-4605-B57F-6125F19C2C5D}.Release|Any CPU.ActiveCfg = Release|Any CPU
		{1988D487-C9FD-4605-B57F-6125F19C2C5D}.Release|Any CPU.Build.0 = Release|Any CPU
		{65215EB4-F5F3-49B6-9761-2FA267E45985}.Debug|Any CPU.ActiveCfg = Debug|Any CPU
		{65215EB4-F5F3-49B6-9761-2FA267E45985}.Debug|Any CPU.Build.0 = Debug|Any CPU
		{65215EB4-F5F3-49B6-9761-2FA267E45985}.Release|Any CPU.ActiveCfg = Release|Any CPU
		{65215EB4-F5F3-49B6-9761-2FA267E45985}.Release|Any CPU.Build.0 = Release|Any CPU
		{A6E27C7D-48DB-4BE8-8928-A0DAB0D7438F}.Debug|Any CPU.ActiveCfg = Debug|Any CPU
		{A6E27C7D-48DB-4BE8-8928-A0DAB0D7438F}.Debug|Any CPU.Build.0 = Debug|Any CPU
		{A6E27C7D-48DB-4BE8-8928-A0DAB0D7438F}.Release|Any CPU.ActiveCfg = Release|Any CPU
		{A6E27C7D-48DB-4BE8-8928-A0DAB0D7438F}.Release|Any CPU.Build.0 = Release|Any CPU
		{E4F49C6C-E473-4D1D-B12E-6D206272ABA9}.Debug|Any CPU.ActiveCfg = Debug|Any CPU
		{E4F49C6C-E473-4D1D-B12E-6D206272ABA9}.Debug|Any CPU.Build.0 = Debug|Any CPU
		{E4F49C6C-E473-4D1D-B12E-6D206272ABA9}.Release|Any CPU.ActiveCfg = Release|Any CPU
		{E4F49C6C-E473-4D1D-B12E-6D206272ABA9}.Release|Any CPU.Build.0 = Release|Any CPU
	EndGlobalSection
	GlobalSection(SolutionProperties) = preSolution
		HideSolutionNode = FALSE
	EndGlobalSection
	GlobalSection(NestedProjects) = preSolution
		{03F52507-66BE-4837-AE35-6564D79A23D2} = {FEDEFEAB-5103-4710-8820-C070DBB015FD}
		{1988D487-C9FD-4605-B57F-6125F19C2C5D} = {03F52507-66BE-4837-AE35-6564D79A23D2}
		{E62444CF-EDF5-4EC1-A391-A8EA1B1EEFFF} = {FEDEFEAB-5103-4710-8820-C070DBB015FD}
		{65215EB4-F5F3-49B6-9761-2FA267E45985} = {E62444CF-EDF5-4EC1-A391-A8EA1B1EEFFF}
		{854D8261-CF10-4077-B0C2-5A091B0CC15D} = {FEDEFEAB-5103-4710-8820-C070DBB015FD}
		{A6E27C7D-48DB-4BE8-8928-A0DAB0D7438F} = {854D8261-CF10-4077-B0C2-5A091B0CC15D}
		{686D29CE-83EA-433A-A823-2D761CD53D6A} = {FEDEFEAB-5103-4710-8820-C070DBB015FD}
		{DA7DC36E-8C01-4CB2-B242-4B248DC8753D} = {686D29CE-83EA-433A-A823-2D761CD53D6A}
		{E4F49C6C-E473-4D1D-B12E-6D206272ABA9} = {DA7DC36E-8C01-4CB2-B242-4B248DC8753D}
	EndGlobalSection
	GlobalSection(ExtensibilityGlobals) = postSolution
		SolutionGuid = {7406602D-E0D9-4A20-ADAB-47BDA672EE92}
	EndGlobalSection
EndGlobal
